// !$*UTF8*$!
{
	archiveVersion = 1;
	classes = {
	};
	objectVersion = 55;
	objects = {

/* Begin PBXBuildFile section */
		834B03CE2854B10C00DF2328 /* AppDelegate.swift in Sources */ = {isa = PBXBuildFile; fileRef = 834B03CD2854B10C00DF2328 /* AppDelegate.swift */; };
		834B03D02854B10C00DF2328 /* SceneDelegate.swift in Sources */ = {isa = PBXBuildFile; fileRef = 834B03CF2854B10C00DF2328 /* SceneDelegate.swift */; };
		834B03D22854B10C00DF2328 /* ViewController.swift in Sources */ = {isa = PBXBuildFile; fileRef = 834B03D12854B10C00DF2328 /* ViewController.swift */; };
		834B03D52854B10C00DF2328 /* Main.storyboard in Resources */ = {isa = PBXBuildFile; fileRef = 834B03D32854B10C00DF2328 /* Main.storyboard */; };
		834B03D72854B10D00DF2328 /* Assets.xcassets in Resources */ = {isa = PBXBuildFile; fileRef = 834B03D62854B10D00DF2328 /* Assets.xcassets */; };
		834B03DA2854B10D00DF2328 /* LaunchScreen.storyboard in Resources */ = {isa = PBXBuildFile; fileRef = 834B03D82854B10D00DF2328 /* LaunchScreen.storyboard */; };
		834B03E52854B10D00DF2328 /* SwiftPMIntegrateTestTests.swift in Sources */ = {isa = PBXBuildFile; fileRef = 834B03E42854B10D00DF2328 /* SwiftPMIntegrateTestTests.swift */; };
		834B03EF2854B10D00DF2328 /* SwiftPMIntegrateTestUITests.swift in Sources */ = {isa = PBXBuildFile; fileRef = 834B03EE2854B10D00DF2328 /* SwiftPMIntegrateTestUITests.swift */; };
		834B03F12854B10D00DF2328 /* SwiftPMIntegrateTestUITestsLaunchTests.swift in Sources */ = {isa = PBXBuildFile; fileRef = 834B03F02854B10D00DF2328 /* SwiftPMIntegrateTestUITestsLaunchTests.swift */; };
/* End PBXBuildFile section */

/* Begin PBXContainerItemProxy section */
		834B03E12854B10D00DF2328 /* PBXContainerItemProxy */ = {
			isa = PBXContainerItemProxy;
			containerPortal = 834B03C22854B10C00DF2328 /* Project object */;
			proxyType = 1;
			remoteGlobalIDString = 834B03C92854B10C00DF2328;
			remoteInfo = SwiftPMIntegrateTest;
		};
		834B03EB2854B10D00DF2328 /* PBXContainerItemProxy */ = {
			isa = PBXContainerItemProxy;
			containerPortal = 834B03C22854B10C00DF2328 /* Project object */;
			proxyType = 1;
			remoteGlobalIDString = 834B03C92854B10C00DF2328;
			remoteInfo = SwiftPMIntegrateTest;
		};
/* End PBXContainerItemProxy section */

/* Begin PBXFileReference section */
		834B03CA2854B10C00DF2328 /* SwiftPMIntegrateTest.app */ = {isa = PBXFileReference; explicitFileType = wrapper.application; includeInIndex = 0; path = SwiftPMIntegrateTest.app; sourceTree = BUILT_PRODUCTS_DIR; };
		834B03CD2854B10C00DF2328 /* AppDelegate.swift */ = {isa = PBXFileReference; lastKnownFileType = sourcecode.swift; path = AppDelegate.swift; sourceTree = "<group>"; };
		834B03CF2854B10C00DF2328 /* SceneDelegate.swift */ = {isa = PBXFileReference; lastKnownFileType = sourcecode.swift; path = SceneDelegate.swift; sourceTree = "<group>"; };
		834B03D12854B10C00DF2328 /* ViewController.swift */ = {isa = PBXFileReference; lastKnownFileType = sourcecode.swift; path = ViewController.swift; sourceTree = "<group>"; };
		834B03D42854B10C00DF2328 /* Base */ = {isa = PBXFileReference; lastKnownFileType = file.storyboard; name = Base; path = Base.lproj/Main.storyboard; sourceTree = "<group>"; };
		834B03D62854B10D00DF2328 /* Assets.xcassets */ = {isa = PBXFileReference; lastKnownFileType = folder.assetcatalog; path = Assets.xcassets; sourceTree = "<group>"; };
		834B03D92854B10D00DF2328 /* Base */ = {isa = PBXFileReference; lastKnownFileType = file.storyboard; name = Base; path = Base.lproj/LaunchScreen.storyboard; sourceTree = "<group>"; };
		834B03DB2854B10D00DF2328 /* Info.plist */ = {isa = PBXFileReference; lastKnownFileType = text.plist.xml; path = Info.plist; sourceTree = "<group>"; };
		834B03E02854B10D00DF2328 /* SwiftPMIntegrateTestTests.xctest */ = {isa = PBXFileReference; explicitFileType = wrapper.cfbundle; includeInIndex = 0; path = SwiftPMIntegrateTestTests.xctest; sourceTree = BUILT_PRODUCTS_DIR; };
		834B03E42854B10D00DF2328 /* SwiftPMIntegrateTestTests.swift */ = {isa = PBXFileReference; lastKnownFileType = sourcecode.swift; path = SwiftPMIntegrateTestTests.swift; sourceTree = "<group>"; };
		834B03EA2854B10D00DF2328 /* SwiftPMIntegrateTestUITests.xctest */ = {isa = PBXFileReference; explicitFileType = wrapper.cfbundle; includeInIndex = 0; path = SwiftPMIntegrateTestUITests.xctest; sourceTree = BUILT_PRODUCTS_DIR; };
		834B03EE2854B10D00DF2328 /* SwiftPMIntegrateTestUITests.swift */ = {isa = PBXFileReference; lastKnownFileType = sourcecode.swift; path = SwiftPMIntegrateTestUITests.swift; sourceTree = "<group>"; };
		834B03F02854B10D00DF2328 /* SwiftPMIntegrateTestUITestsLaunchTests.swift */ = {isa = PBXFileReference; lastKnownFileType = sourcecode.swift; path = SwiftPMIntegrateTestUITestsLaunchTests.swift; sourceTree = "<group>"; };
/* End PBXFileReference section */

/* Begin PBXFrameworksBuildPhase section */
		834B03C72854B10C00DF2328 /* Frameworks */ = {
			isa = PBXFrameworksBuildPhase;
			buildActionMask = 2147483647;
			files = (
			);
			runOnlyForDeploymentPostprocessing = 0;
		};
		834B03DD2854B10D00DF2328 /* Frameworks */ = {
			isa = PBXFrameworksBuildPhase;
			buildActionMask = 2147483647;
			files = (
			);
			runOnlyForDeploymentPostprocessing = 0;
		};
		834B03E72854B10D00DF2328 /* Frameworks */ = {
			isa = PBXFrameworksBuildPhase;
			buildActionMask = 2147483647;
			files = (
			);
			runOnlyForDeploymentPostprocessing = 0;
		};
/* End PBXFrameworksBuildPhase section */

/* Begin PBXGroup section */
		834B03C12854B10C00DF2328 = {
			isa = PBXGroup;
			children = (
				834B03CC2854B10C00DF2328 /* SwiftPMIntegrateTest */,
				834B03E32854B10D00DF2328 /* SwiftPMIntegrateTestTests */,
				834B03ED2854B10D00DF2328 /* SwiftPMIntegrateTestUITests */,
				834B03CB2854B10C00DF2328 /* Products */,
			);
			sourceTree = "<group>";
		};
		834B03CB2854B10C00DF2328 /* Products */ = {
			isa = PBXGroup;
			children = (
				834B03CA2854B10C00DF2328 /* SwiftPMIntegrateTest.app */,
				834B03E02854B10D00DF2328 /* SwiftPMIntegrateTestTests.xctest */,
				834B03EA2854B10D00DF2328 /* SwiftPMIntegrateTestUITests.xctest */,
			);
			name = Products;
			sourceTree = "<group>";
		};
		834B03CC2854B10C00DF2328 /* SwiftPMIntegrateTest */ = {
			isa = PBXGroup;
			children = (
				834B03CD2854B10C00DF2328 /* AppDelegate.swift */,
				834B03CF2854B10C00DF2328 /* SceneDelegate.swift */,
				834B03D12854B10C00DF2328 /* ViewController.swift */,
				834B03D32854B10C00DF2328 /* Main.storyboard */,
				834B03D62854B10D00DF2328 /* Assets.xcassets */,
				834B03D82854B10D00DF2328 /* LaunchScreen.storyboard */,
				834B03DB2854B10D00DF2328 /* Info.plist */,
			);
			path = SwiftPMIntegrateTest;
			sourceTree = "<group>";
		};
		834B03E32854B10D00DF2328 /* SwiftPMIntegrateTestTests */ = {
			isa = PBXGroup;
			children = (
				834B03E42854B10D00DF2328 /* SwiftPMIntegrateTestTests.swift */,
			);
			path = SwiftPMIntegrateTestTests;
			sourceTree = "<group>";
		};
		834B03ED2854B10D00DF2328 /* SwiftPMIntegrateTestUITests */ = {
			isa = PBXGroup;
			children = (
				834B03EE2854B10D00DF2328 /* SwiftPMIntegrateTestUITests.swift */,
				834B03F02854B10D00DF2328 /* SwiftPMIntegrateTestUITestsLaunchTests.swift */,
			);
			path = SwiftPMIntegrateTestUITests;
			sourceTree = "<group>";
		};
/* End PBXGroup section */

/* Begin PBXNativeTarget section */
		834B03C92854B10C00DF2328 /* SwiftPMIntegrateTest */ = {
			isa = PBXNativeTarget;
			buildConfigurationList = 834B03F42854B10D00DF2328 /* Build configuration list for PBXNativeTarget "SwiftPMIntegrateTest" */;
			buildPhases = (
				834B03C62854B10C00DF2328 /* Sources */,
				834B03C72854B10C00DF2328 /* Frameworks */,
				834B03C82854B10C00DF2328 /* Resources */,
			);
			buildRules = (
			);
			dependencies = (
			);
			name = SwiftPMIntegrateTest;
			productName = SwiftPMIntegrateTest;
			productReference = 834B03CA2854B10C00DF2328 /* SwiftPMIntegrateTest.app */;
			productType = "com.apple.product-type.application";
		};
		834B03DF2854B10D00DF2328 /* SwiftPMIntegrateTestTests */ = {
			isa = PBXNativeTarget;
			buildConfigurationList = 834B03F72854B10D00DF2328 /* Build configuration list for PBXNativeTarget "SwiftPMIntegrateTestTests" */;
			buildPhases = (
				834B03DC2854B10D00DF2328 /* Sources */,
				834B03DD2854B10D00DF2328 /* Frameworks */,
				834B03DE2854B10D00DF2328 /* Resources */,
			);
			buildRules = (
			);
			dependencies = (
				834B03E22854B10D00DF2328 /* PBXTargetDependency */,
			);
			name = SwiftPMIntegrateTestTests;
			productName = SwiftPMIntegrateTestTests;
			productReference = 834B03E02854B10D00DF2328 /* SwiftPMIntegrateTestTests.xctest */;
			productType = "com.apple.product-type.bundle.unit-test";
		};
		834B03E92854B10D00DF2328 /* SwiftPMIntegrateTestUITests */ = {
			isa = PBXNativeTarget;
			buildConfigurationList = 834B03FA2854B10D00DF2328 /* Build configuration list for PBXNativeTarget "SwiftPMIntegrateTestUITests" */;
			buildPhases = (
				834B03E62854B10D00DF2328 /* Sources */,
				834B03E72854B10D00DF2328 /* Frameworks */,
				834B03E82854B10D00DF2328 /* Resources */,
			);
			buildRules = (
			);
			dependencies = (
				834B03EC2854B10D00DF2328 /* PBXTargetDependency */,
			);
			name = SwiftPMIntegrateTestUITests;
			productName = SwiftPMIntegrateTestUITests;
			productReference = 834B03EA2854B10D00DF2328 /* SwiftPMIntegrateTestUITests.xctest */;
			productType = "com.apple.product-type.bundle.ui-testing";
		};
/* End PBXNativeTarget section */

/* Begin PBXProject section */
		834B03C22854B10C00DF2328 /* Project object */ = {
			isa = PBXProject;
			attributes = {
				BuildIndependentTargetsInParallel = 1;
				LastSwiftUpdateCheck = 1340;
				LastUpgradeCheck = 1340;
				TargetAttributes = {
					834B03C92854B10C00DF2328 = {
						CreatedOnToolsVersion = 13.4;
					};
					834B03DF2854B10D00DF2328 = {
						CreatedOnToolsVersion = 13.4;
						TestTargetID = 834B03C92854B10C00DF2328;
					};
					834B03E92854B10D00DF2328 = {
						CreatedOnToolsVersion = 13.4;
						TestTargetID = 834B03C92854B10C00DF2328;
					};
				};
			};
			buildConfigurationList = 834B03C52854B10C00DF2328 /* Build configuration list for PBXProject "SwiftPMIntegrateTest" */;
			compatibilityVersion = "Xcode 13.0";
			developmentRegion = en;
			hasScannedForEncodings = 0;
			knownRegions = (
				en,
				Base,
			);
			mainGroup = 834B03C12854B10C00DF2328;
			productRefGroup = 834B03CB2854B10C00DF2328 /* Products */;
			projectDirPath = "";
			projectRoot = "";
			targets = (
				834B03C92854B10C00DF2328 /* SwiftPMIntegrateTest */,
				834B03DF2854B10D00DF2328 /* SwiftPMIntegrateTestTests */,
				834B03E92854B10D00DF2328 /* SwiftPMIntegrateTestUITests */,
			);
		};
/* End PBXProject section */

/* Begin PBXResourcesBuildPhase section */
		834B03C82854B10C00DF2328 /* Resources */ = {
			isa = PBXResourcesBuildPhase;
			buildActionMask = 2147483647;
			files = (
				834B03DA2854B10D00DF2328 /* LaunchScreen.storyboard in Resources */,
				834B03D72854B10D00DF2328 /* Assets.xcassets in Resources */,
				834B03D52854B10C00DF2328 /* Main.storyboard in Resources */,
			);
			runOnlyForDeploymentPostprocessing = 0;
		};
		834B03DE2854B10D00DF2328 /* Resources */ = {
			isa = PBXResourcesBuildPhase;
			buildActionMask = 2147483647;
			files = (
			);
			runOnlyForDeploymentPostprocessing = 0;
		};
		834B03E82854B10D00DF2328 /* Resources */ = {
			isa = PBXResourcesBuildPhase;
			buildActionMask = 2147483647;
			files = (
			);
			runOnlyForDeploymentPostprocessing = 0;
		};
/* End PBXResourcesBuildPhase section */

/* Begin PBXSourcesBuildPhase section */
		834B03C62854B10C00DF2328 /* Sources */ = {
			isa = PBXSourcesBuildPhase;
			buildActionMask = 2147483647;
			files = (
				834B03D22854B10C00DF2328 /* ViewController.swift in Sources */,
				834B03CE2854B10C00DF2328 /* AppDelegate.swift in Sources */,
				834B03D02854B10C00DF2328 /* SceneDelegate.swift in Sources */,
			);
			runOnlyForDeploymentPostprocessing = 0;
		};
		834B03DC2854B10D00DF2328 /* Sources */ = {
			isa = PBXSourcesBuildPhase;
			buildActionMask = 2147483647;
			files = (
				834B03E52854B10D00DF2328 /* SwiftPMIntegrateTestTests.swift in Sources */,
			);
			runOnlyForDeploymentPostprocessing = 0;
		};
		834B03E62854B10D00DF2328 /* Sources */ = {
			isa = PBXSourcesBuildPhase;
			buildActionMask = 2147483647;
			files = (
				834B03EF2854B10D00DF2328 /* SwiftPMIntegrateTestUITests.swift in Sources */,
				834B03F12854B10D00DF2328 /* SwiftPMIntegrateTestUITestsLaunchTests.swift in Sources */,
			);
			runOnlyForDeploymentPostprocessing = 0;
		};
/* End PBXSourcesBuildPhase section */

/* Begin PBXTargetDependency section */
		834B03E22854B10D00DF2328 /* PBXTargetDependency */ = {
			isa = PBXTargetDependency;
			target = 834B03C92854B10C00DF2328 /* SwiftPMIntegrateTest */;
			targetProxy = 834B03E12854B10D00DF2328 /* PBXContainerItemProxy */;
		};
		834B03EC2854B10D00DF2328 /* PBXTargetDependency */ = {
			isa = PBXTargetDependency;
			target = 834B03C92854B10C00DF2328 /* SwiftPMIntegrateTest */;
			targetProxy = 834B03EB2854B10D00DF2328 /* PBXContainerItemProxy */;
		};
/* End PBXTargetDependency section */

/* Begin PBXVariantGroup section */
		834B03D32854B10C00DF2328 /* Main.storyboard */ = {
			isa = PBXVariantGroup;
			children = (
				834B03D42854B10C00DF2328 /* Base */,
			);
			name = Main.storyboard;
			sourceTree = "<group>";
		};
		834B03D82854B10D00DF2328 /* LaunchScreen.storyboard */ = {
			isa = PBXVariantGroup;
			children = (
				834B03D92854B10D00DF2328 /* Base */,
			);
			name = LaunchScreen.storyboard;
			sourceTree = "<group>";
		};
/* End PBXVariantGroup section */

/* Begin XCBuildConfiguration section */
		834B03F22854B10D00DF2328 /* Debug */ = {
			isa = XCBuildConfiguration;
			buildSettings = {
				ALWAYS_SEARCH_USER_PATHS = NO;
				CLANG_ANALYZER_NONNULL = YES;
				CLANG_ANALYZER_NUMBER_OBJECT_CONVERSION = YES_AGGRESSIVE;
				CLANG_CXX_LANGUAGE_STANDARD = "gnu++17";
				CLANG_ENABLE_MODULES = YES;
				CLANG_ENABLE_OBJC_ARC = YES;
				CLANG_ENABLE_OBJC_WEAK = YES;
				CLANG_WARN_BLOCK_CAPTURE_AUTORELEASING = YES;
				CLANG_WARN_BOOL_CONVERSION = YES;
				CLANG_WARN_COMMA = YES;
				CLANG_WARN_CONSTANT_CONVERSION = YES;
				CLANG_WARN_DEPRECATED_OBJC_IMPLEMENTATIONS = YES;
				CLANG_WARN_DIRECT_OBJC_ISA_USAGE = YES_ERROR;
				CLANG_WARN_DOCUMENTATION_COMMENTS = YES;
				CLANG_WARN_EMPTY_BODY = YES;
				CLANG_WARN_ENUM_CONVERSION = YES;
				CLANG_WARN_INFINITE_RECURSION = YES;
				CLANG_WARN_INT_CONVERSION = YES;
				CLANG_WARN_NON_LITERAL_NULL_CONVERSION = YES;
				CLANG_WARN_OBJC_IMPLICIT_RETAIN_SELF = YES;
				CLANG_WARN_OBJC_LITERAL_CONVERSION = YES;
				CLANG_WARN_OBJC_ROOT_CLASS = YES_ERROR;
				CLANG_WARN_QUOTED_INCLUDE_IN_FRAMEWORK_HEADER = YES;
				CLANG_WARN_RANGE_LOOP_ANALYSIS = YES;
				CLANG_WARN_STRICT_PROTOTYPES = YES;
				CLANG_WARN_SUSPICIOUS_MOVE = YES;
				CLANG_WARN_UNGUARDED_AVAILABILITY = YES_AGGRESSIVE;
				CLANG_WARN_UNREACHABLE_CODE = YES;
				CLANG_WARN__DUPLICATE_METHOD_MATCH = YES;
				COPY_PHASE_STRIP = NO;
				DEBUG_INFORMATION_FORMAT = dwarf;
				ENABLE_STRICT_OBJC_MSGSEND = YES;
				ENABLE_TESTABILITY = YES;
				GCC_C_LANGUAGE_STANDARD = gnu11;
				GCC_DYNAMIC_NO_PIC = NO;
				GCC_NO_COMMON_BLOCKS = YES;
				GCC_OPTIMIZATION_LEVEL = 0;
				GCC_PREPROCESSOR_DEFINITIONS = (
					"DEBUG=1",
					"$(inherited)",
				);
				GCC_WARN_64_TO_32_BIT_CONVERSION = YES;
				GCC_WARN_ABOUT_RETURN_TYPE = YES_ERROR;
				GCC_WARN_UNDECLARED_SELECTOR = YES;
				GCC_WARN_UNINITIALIZED_AUTOS = YES_AGGRESSIVE;
				GCC_WARN_UNUSED_FUNCTION = YES;
				GCC_WARN_UNUSED_VARIABLE = YES;
				IPHONEOS_DEPLOYMENT_TARGET = 15.5;
				MTL_ENABLE_DEBUG_INFO = INCLUDE_SOURCE;
				MTL_FAST_MATH = YES;
				ONLY_ACTIVE_ARCH = YES;
				SDKROOT = iphoneos;
				SWIFT_ACTIVE_COMPILATION_CONDITIONS = DEBUG;
				SWIFT_OPTIMIZATION_LEVEL = "-Onone";
			};
			name = Debug;
		};
		834B03F32854B10D00DF2328 /* Release */ = {
			isa = XCBuildConfiguration;
			buildSettings = {
				ALWAYS_SEARCH_USER_PATHS = NO;
				CLANG_ANALYZER_NONNULL = YES;
				CLANG_ANALYZER_NUMBER_OBJECT_CONVERSION = YES_AGGRESSIVE;
				CLANG_CXX_LANGUAGE_STANDARD = "gnu++17";
				CLANG_ENABLE_MODULES = YES;
				CLANG_ENABLE_OBJC_ARC = YES;
				CLANG_ENABLE_OBJC_WEAK = YES;
				CLANG_WARN_BLOCK_CAPTURE_AUTORELEASING = YES;
				CLANG_WARN_BOOL_CONVERSION = YES;
				CLANG_WARN_COMMA = YES;
				CLANG_WARN_CONSTANT_CONVERSION = YES;
				CLANG_WARN_DEPRECATED_OBJC_IMPLEMENTATIONS = YES;
				CLANG_WARN_DIRECT_OBJC_ISA_USAGE = YES_ERROR;
				CLANG_WARN_DOCUMENTATION_COMMENTS = YES;
				CLANG_WARN_EMPTY_BODY = YES;
				CLANG_WARN_ENUM_CONVERSION = YES;
				CLANG_WARN_INFINITE_RECURSION = YES;
				CLANG_WARN_INT_CONVERSION = YES;
				CLANG_WARN_NON_LITERAL_NULL_CONVERSION = YES;
				CLANG_WARN_OBJC_IMPLICIT_RETAIN_SELF = YES;
				CLANG_WARN_OBJC_LITERAL_CONVERSION = YES;
				CLANG_WARN_OBJC_ROOT_CLASS = YES_ERROR;
				CLANG_WARN_QUOTED_INCLUDE_IN_FRAMEWORK_HEADER = YES;
				CLANG_WARN_RANGE_LOOP_ANALYSIS = YES;
				CLANG_WARN_STRICT_PROTOTYPES = YES;
				CLANG_WARN_SUSPICIOUS_MOVE = YES;
				CLANG_WARN_UNGUARDED_AVAILABILITY = YES_AGGRESSIVE;
				CLANG_WARN_UNREACHABLE_CODE = YES;
				CLANG_WARN__DUPLICATE_METHOD_MATCH = YES;
				COPY_PHASE_STRIP = NO;
				DEBUG_INFORMATION_FORMAT = "dwarf-with-dsym";
				ENABLE_NS_ASSERTIONS = NO;
				ENABLE_STRICT_OBJC_MSGSEND = YES;
				GCC_C_LANGUAGE_STANDARD = gnu11;
				GCC_NO_COMMON_BLOCKS = YES;
				GCC_WARN_64_TO_32_BIT_CONVERSION = YES;
				GCC_WARN_ABOUT_RETURN_TYPE = YES_ERROR;
				GCC_WARN_UNDECLARED_SELECTOR = YES;
				GCC_WARN_UNINITIALIZED_AUTOS = YES_AGGRESSIVE;
				GCC_WARN_UNUSED_FUNCTION = YES;
				GCC_WARN_UNUSED_VARIABLE = YES;
				IPHONEOS_DEPLOYMENT_TARGET = 15.5;
				MTL_ENABLE_DEBUG_INFO = NO;
				MTL_FAST_MATH = YES;
				SDKROOT = iphoneos;
				SWIFT_COMPILATION_MODE = wholemodule;
				SWIFT_OPTIMIZATION_LEVEL = "-O";
				VALIDATE_PRODUCT = YES;
			};
			name = Release;
		};
		834B03F52854B10D00DF2328 /* Debug */ = {
			isa = XCBuildConfiguration;
			buildSettings = {
				ASSETCATALOG_COMPILER_APPICON_NAME = AppIcon;
				ASSETCATALOG_COMPILER_GLOBAL_ACCENT_COLOR_NAME = AccentColor;
				CODE_SIGN_STYLE = Automatic;
				CURRENT_PROJECT_VERSION = 1;
				DEVELOPMENT_TEAM = 9UHBV5AP46;
				GENERATE_INFOPLIST_FILE = YES;
				INFOPLIST_FILE = SwiftPMIntegrateTest/Info.plist;
				INFOPLIST_KEY_UIApplicationSupportsIndirectInputEvents = YES;
				INFOPLIST_KEY_UILaunchStoryboardName = LaunchScreen;
				INFOPLIST_KEY_UIMainStoryboardFile = Main;
				INFOPLIST_KEY_UISupportedInterfaceOrientations_iPad = "UIInterfaceOrientationPortrait UIInterfaceOrientationPortraitUpsideDown UIInterfaceOrientationLandscapeLeft UIInterfaceOrientationLandscapeRight";
				INFOPLIST_KEY_UISupportedInterfaceOrientations_iPhone = "UIInterfaceOrientationPortrait UIInterfaceOrientationLandscapeLeft UIInterfaceOrientationLandscapeRight";
				LD_RUNPATH_SEARCH_PATHS = (
					"$(inherited)",
					"@executable_path/Frameworks",
				);
				MARKETING_VERSION = 1.0;
				PRODUCT_BUNDLE_IDENTIFIER = com.yourcompany.SwiftPMIntegrateTest;
				PRODUCT_NAME = "$(TARGET_NAME)";
				SWIFT_EMIT_LOC_STRINGS = YES;
				SWIFT_VERSION = 5.0;
				TARGETED_DEVICE_FAMILY = "1,2";
			};
			name = Debug;
		};
		834B03F62854B10D00DF2328 /* Release */ = {
			isa = XCBuildConfiguration;
			buildSettings = {
				ASSETCATALOG_COMPILER_APPICON_NAME = AppIcon;
				ASSETCATALOG_COMPILER_GLOBAL_ACCENT_COLOR_NAME = AccentColor;
				CODE_SIGN_STYLE = Automatic;
				CURRENT_PROJECT_VERSION = 1;
				DEVELOPMENT_TEAM = 9UHBV5AP46;
				GENERATE_INFOPLIST_FILE = YES;
				INFOPLIST_FILE = SwiftPMIntegrateTest/Info.plist;
				INFOPLIST_KEY_UIApplicationSupportsIndirectInputEvents = YES;
				INFOPLIST_KEY_UILaunchStoryboardName = LaunchScreen;
				INFOPLIST_KEY_UIMainStoryboardFile = Main;
				INFOPLIST_KEY_UISupportedInterfaceOrientations_iPad = "UIInterfaceOrientationPortrait UIInterfaceOrientationPortraitUpsideDown UIInterfaceOrientationLandscapeLeft UIInterfaceOrientationLandscapeRight";
				INFOPLIST_KEY_UISupportedInterfaceOrientations_iPhone = "UIInterfaceOrientationPortrait UIInterfaceOrientationLandscapeLeft UIInterfaceOrientationLandscapeRight";
				LD_RUNPATH_SEARCH_PATHS = (
					"$(inherited)",
					"@executable_path/Frameworks",
				);
				MARKETING_VERSION = 1.0;
				PRODUCT_BUNDLE_IDENTIFIER = com.yourcompany.SwiftPMIntegrateTest;
				PRODUCT_NAME = "$(TARGET_NAME)";
				SWIFT_EMIT_LOC_STRINGS = YES;
				SWIFT_VERSION = 5.0;
				TARGETED_DEVICE_FAMILY = "1,2";
			};
			name = Release;
		};
		834B03F82854B10D00DF2328 /* Debug */ = {
			isa = XCBuildConfiguration;
			buildSettings = {
				ALWAYS_EMBED_SWIFT_STANDARD_LIBRARIES = YES;
				BUNDLE_LOADER = "$(TEST_HOST)";
				CODE_SIGN_STYLE = Automatic;
				CURRENT_PROJECT_VERSION = 1;
				DEVELOPMENT_TEAM = 9UHBV5AP46;
				GENERATE_INFOPLIST_FILE = YES;
				IPHONEOS_DEPLOYMENT_TARGET = 15.5;
				MARKETING_VERSION = 1.0;
				PRODUCT_BUNDLE_IDENTIFIER = com.yourcompany.SwiftPMIntegrateTestTests;
				PRODUCT_NAME = "$(TARGET_NAME)";
				SWIFT_EMIT_LOC_STRINGS = NO;
				SWIFT_VERSION = 5.0;
				TARGETED_DEVICE_FAMILY = "1,2";
				TEST_HOST = "$(BUILT_PRODUCTS_DIR)/SwiftPMIntegrateTest.app/SwiftPMIntegrateTest";
			};
			name = Debug;
		};
		834B03F92854B10D00DF2328 /* Release */ = {
			isa = XCBuildConfiguration;
			buildSettings = {
				ALWAYS_EMBED_SWIFT_STANDARD_LIBRARIES = YES;
				BUNDLE_LOADER = "$(TEST_HOST)";
				CODE_SIGN_STYLE = Automatic;
				CURRENT_PROJECT_VERSION = 1;
				DEVELOPMENT_TEAM = 9UHBV5AP46;
				GENERATE_INFOPLIST_FILE = YES;
				IPHONEOS_DEPLOYMENT_TARGET = 15.5;
				MARKETING_VERSION = 1.0;
				PRODUCT_BUNDLE_IDENTIFIER = com.yourcompany.SwiftPMIntegrateTestTests;
				PRODUCT_NAME = "$(TARGET_NAME)";
				SWIFT_EMIT_LOC_STRINGS = NO;
				SWIFT_VERSION = 5.0;
				TARGETED_DEVICE_FAMILY = "1,2";
				TEST_HOST = "$(BUILT_PRODUCTS_DIR)/SwiftPMIntegrateTest.app/SwiftPMIntegrateTest";
			};
			name = Release;
		};
		834B03FB2854B10D00DF2328 /* Debug */ = {
			isa = XCBuildConfiguration;
			buildSettings = {
				ALWAYS_EMBED_SWIFT_STANDARD_LIBRARIES = YES;
				CODE_SIGN_STYLE = Automatic;
				CURRENT_PROJECT_VERSION = 1;
				DEVELOPMENT_TEAM = 9UHBV5AP46;
				GENERATE_INFOPLIST_FILE = YES;
				MARKETING_VERSION = 1.0;
				PRODUCT_BUNDLE_IDENTIFIER = com.yourcompany.SwiftPMIntegrateTestUITests;
				PRODUCT_NAME = "$(TARGET_NAME)";
				SWIFT_EMIT_LOC_STRINGS = NO;
				SWIFT_VERSION = 5.0;
				TARGETED_DEVICE_FAMILY = "1,2";
				TEST_TARGET_NAME = SwiftPMIntegrateTest;
			};
			name = Debug;
		};
		834B03FC2854B10D00DF2328 /* Release */ = {
			isa = XCBuildConfiguration;
			buildSettings = {
				ALWAYS_EMBED_SWIFT_STANDARD_LIBRARIES = YES;
				CODE_SIGN_STYLE = Automatic;
				CURRENT_PROJECT_VERSION = 1;
				DEVELOPMENT_TEAM = 9UHBV5AP46;
				GENERATE_INFOPLIST_FILE = YES;
				MARKETING_VERSION = 1.0;
				PRODUCT_BUNDLE_IDENTIFIER = com.yourcompany.SwiftPMIntegrateTestUITests;
				PRODUCT_NAME = "$(TARGET_NAME)";
				SWIFT_EMIT_LOC_STRINGS = NO;
				SWIFT_VERSION = 5.0;
				TARGETED_DEVICE_FAMILY = "1,2";
				TEST_TARGET_NAME = SwiftPMIntegrateTest;
			};
			name = Release;
		};
/* End XCBuildConfiguration section */

/* Begin XCConfigurationList section */
		834B03C52854B10C00DF2328 /* Build configuration list for PBXProject "SwiftPMIntegrateTest" */ = {
			isa = XCConfigurationList;
			buildConfigurations = (
				834B03F22854B10D00DF2328 /* Debug */,
				834B03F32854B10D00DF2328 /* Release */,
			);
			defaultConfigurationIsVisible = 0;
			defaultConfigurationName = Release;
		};
		834B03F42854B10D00DF2328 /* Build configuration list for PBXNativeTarget "SwiftPMIntegrateTest" */ = {
			isa = XCConfigurationList;
			buildConfigurations = (
				834B03F52854B10D00DF2328 /* Debug */,
				834B03F62854B10D00DF2328 /* Release */,
			);
			defaultConfigurationIsVisible = 0;
			defaultConfigurationName = Release;
		};
		834B03F72854B10D00DF2328 /* Build configuration list for PBXNativeTarget "SwiftPMIntegrateTestTests" */ = {
			isa = XCConfigurationList;
			buildConfigurations = (
				834B03F82854B10D00DF2328 /* Debug */,
				834B03F92854B10D00DF2328 /* Release */,
			);
			defaultConfigurationIsVisible = 0;
			defaultConfigurationName = Release;
		};
		834B03FA2854B10D00DF2328 /* Build configuration list for PBXNativeTarget "SwiftPMIntegrateTestUITests" */ = {
			isa = XCConfigurationList;
			buildConfigurations = (
				834B03FB2854B10D00DF2328 /* Debug */,
				834B03FC2854B10D00DF2328 /* Release */,
			);
			defaultConfigurationIsVisible = 0;
			defaultConfigurationName = Release;
		};
/* End XCConfigurationList section */
	};
	rootObject = 834B03C22854B10C00DF2328 /* Project object */;
}
